
Microsoft Visual Studio Solution File, Format Version 12.00
# Visual Studio Version 16
VisualStudioVersion = 16.0.31205.134
MinimumVisualStudioVersion = 10.0.40219.1
Project("{FAE04EC0-301F-11D3-BF4B-00C04F79EFBC}") = "Core.CQRS.API", "Core.CQRS.API\Core.CQRS.API.csproj", "{42E3B610-B64F-469D-BE2F-DCFAF4ACB36A}"
EndProject
Global
	GlobalSection(SolutionConfigurationPlatforms) = preSolution
		Debug|Any CPU = Debug|Any CPU
		Release|Any CPU = Release|Any CPU
	EndGlobalSection
	GlobalSection(ProjectConfigurationPlatforms) = postSolution
		{42E3B610-B64F-469D-BE2F-DCFAF4ACB36A}.Debug|Any CPU.ActiveCfg = Debug|Any CPU
		{42E3B610-B64F-469D-BE2F-DCFAF4ACB36A}.Debug|Any CPU.Build.0 = Debug|Any CPU
		{42E3B610-B64F-469D-BE2F-DCFAF4ACB36A}.Release|Any CPU.ActiveCfg = Release|Any CPU
		{42E3B610-B64F-469D-BE2F-DCFAF4ACB36A}.Release|Any CPU.Build.0 = Release|Any CPU
	EndGlobalSection
	GlobalSection(SolutionProperties) = preSolution
		HideSolutionNode = FALSE
	EndGlobalSection
	GlobalSection(ExtensibilityGlobals) = postSolution
		SolutionGuid = {A15FA169-3F17-48CB-8FA2-FCEA9016BAD8}
	EndGlobalSection
EndGlobal
